// !$*UTF8*$!
{
	archiveVersion = 1;
	classes = {
	};
	objectVersion = 46;
	objects = {

/* Begin PBXBuildFile section */
		2BABD8801F14BC3300FD0237 /* main.cpp in Sources */ = {isa = PBXBuildFile; fileRef = 2BABD87F1F14BC3300FD0237 /* main.cpp */; };
		2BABD8881F14BC6D00FD0237 /* Bigger.cc in Sources */ = {isa = PBXBuildFile; fileRef = 2BABD8861F14BC6D00FD0237 /* Bigger.cc */; };
/* End PBXBuildFile section */

/* Begin PBXCopyFilesBuildPhase section */
		2BABD87A1F14BC3300FD0237 /* CopyFiles */ = {
			isa = PBXCopyFilesBuildPhase;
			buildActionMask = 2147483647;
			dstPath = /usr/share/man/man1/;
			dstSubfolderSpec = 0;
			files = (
			);
			runOnlyForDeploymentPostprocessing = 1;
		};
/* End PBXCopyFilesBuildPhase section */

/* Begin PBXFileReference section */
		2BABD87C1F14BC3300FD0237 /* Bigger */ = {isa = PBXFileReference; explicitFileType = "compiled.mach-o.executable"; includeInIndex = 0; path = Bigger; sourceTree = BUILT_PRODUCTS_DIR; };
		2BABD87F1F14BC3300FD0237 /* main.cpp */ = {isa = PBXFileReference; lastKnownFileType = sourcecode.cpp.cpp; path = main.cpp; sourceTree = "<group>"; };
		2BABD8861F14BC6D00FD0237 /* Bigger.cc */ = {isa = PBXFileReference; fileEncoding = 4; lastKnownFileType = sourcecode.cpp.cpp; path = Bigger.cc; sourceTree = "<group>"; };
		2BABD8871F14BC6D00FD0237 /* Bigger.h */ = {isa = PBXFileReference; fileEncoding = 4; lastKnownFileType = sourcecode.c.h; path = Bigger.h; sourceTree = "<group>"; };
/* End PBXFileReference section */

/* Begin PBXFrameworksBuildPhase section */
		2BABD8791F14BC3300FD0237 /* Frameworks */ = {
			isa = PBXFrameworksBuildPhase;
			buildActionMask = 2147483647;
			files = (
			);
			runOnlyForDeploymentPostprocessing = 0;
		};
/* End PBXFrameworksBuildPhase section */

/* Begin PBXGroup section */
		2BABD8731F14BC3300FD0237 = {
			isa = PBXGroup;
			children = (
				2BABD87E1F14BC3300FD0237 /* Bigger */,
				2BABD87D1F14BC3300FD0237 /* Products */,
			);
			sourceTree = "<group>";
		};
		2BABD87D1F14BC3300FD0237 /* Products */ = {
			isa = PBXGroup;
			children = (
				2BABD87C1F14BC3300FD0237 /* Bigger */,
			);
			name = Products;
			sourceTree = "<group>";
		};
		2BABD87E1F14BC3300FD0237 /* Bigger */ = {
			isa = PBXGroup;
			children = (
				2BABD87F1F14BC3300FD0237 /* main.cpp */,
				2BABD8871F14BC6D00FD0237 /* Bigger.h */,
				2BABD8861F14BC6D00FD0237 /* Bigger.cc */,
			);
			path = Bigger;
			sourceTree = "<group>";
		};
/* End PBXGroup section */

/* Begin PBXNativeTarget section */
		2BABD87B1F14BC3300FD0237 /* Bigger */ = {
			isa = PBXNativeTarget;
			buildConfigurationList = 2BABD8831F14BC3300FD0237 /* Build configuration list for PBXNativeTarget "Bigger" */;
			buildPhases = (
				2BABD8781F14BC3300FD0237 /* Sources */,
				2BABD8791F14BC3300FD0237 /* Frameworks */,
				2BABD87A1F14BC3300FD0237 /* CopyFiles */,
			);
			buildRules = (
			);
			dependencies = (
			);
			name = Bigger;
			productName = Bigger;
			productReference = 2BABD87C1F14BC3300FD0237 /* Bigger */;
			productType = "com.apple.product-type.tool";
		};
/* End PBXNativeTarget section */

/* Begin PBXProject section */
		2BABD8741F14BC3300FD0237 /* Project object */ = {
			isa = PBXProject;
			attributes = {
				LastUpgradeCheck = 0830;
				ORGANIZATIONNAME = Netease;
				TargetAttributes = {
					2BABD87B1F14BC3300FD0237 = {
						CreatedOnToolsVersion = 8.3.3;
						DevelopmentTeam = 35B2KE884X;
						ProvisioningStyle = Automatic;
					};
				};
			};
			buildConfigurationList = 2BABD8771F14BC3300FD0237 /* Build configuration list for PBXProject "Bigger" */;
			compatibilityVersion = "Xcode 3.2";
			developmentRegion = English;
			hasScannedForEncodings = 0;
			knownRegions = (
				en,
			);
			mainGroup = 2BABD8731F14BC3300FD0237;
			productRefGroup = 2BABD87D1F14BC3300FD0237 /* Products */;
			projectDirPath = "";
			projectRoot = "";
			targets = (
				2BABD87B1F14BC3300FD0237 /* Bigger */,
			);
		};
/* End PBXProject section */

/* Begin PBXSourcesBuildPhase section */
		2BABD8781F14BC3300FD0237 /* Sources */ = {
			isa = PBXSourcesBuildPhase;
			buildActionMask = 2147483647;
			files = (
				2BABD8801F14BC3300FD0237 /* main.cpp in Sources */,
				2BABD8881F14BC6D00FD0237 /* Bigger.cc in Sources */,
			);
			runOnlyForDeploymentPostprocessing = 0;
		};
/* End PBXSourcesBuildPhase section */

/* Begin XCBuildConfiguration section */
		2BABD8811F14BC3300FD0237 /* Debug */ = {
			isa = XCBuildConfiguration;
			buildSettings = {
				ALWAYS_SEARCH_USER_PATHS = NO;
				CLANG_ANALYZER_NONNULL = YES;
				CLANG_ANALYZER_NUMBER_OBJECT_CONVERSION = YES_AGGRESSIVE;
				CLANG_CXX_LANGUAGE_STANDARD = "gnu++0x";
				CLANG_CXX_LIBRARY = "libc++";
				CLANG_ENABLE_MODULES = YES;
				CLANG_ENABLE_OBJC_ARC = YES;
				CLANG_WARN_BOOL_CONVERSION = YES;
				CLANG_WARN_CONSTANT_CONVERSION = YES;
				CLANG_WARN_DIRECT_OBJC_ISA_USAGE = YES_ERROR;
				CLANG_WARN_DOCUMENTATION_COMMENTS = YES;
				CLANG_WARN_EMPTY_BODY = YES;
				CLANG_WARN_ENUM_CONVERSION = YES;
				CLANG_WARN_INFINITE_RECURSION = YES;
				CLANG_WARN_INT_CONVERSION = YES;
				CLANG_WARN_OBJC_ROOT_CLASS = YES_ERROR;
				CLANG_WARN_SUSPICIOUS_MOVE = YES;
				CLANG_WARN_UNREACHABLE_CODE = YES;
				CLANG_WARN__DUPLICATE_METHOD_MATCH = YES;
				CODE_SIGN_IDENTITY = "-";
				COPY_PHASE_STRIP = NO;
				DEBUG_INFORMATION_FORMAT = dwarf;
				ENABLE_STRICT_OBJC_MSGSEND = YES;
				ENABLE_TESTABILITY = YES;
				GCC_C_LANGUAGE_STANDARD = gnu99;
				GCC_DYNAMIC_NO_PIC = NO;
				GCC_NO_COMMON_BLOCKS = YES;
				GCC_OPTIMIZATION_LEVEL = 0;
				GCC_PREPROCESSOR_DEFINITIONS = (
					"DEBUG=1",
					"$(inherited)",
				);
				GCC_WARN_64_TO_32_BIT_CONVERSION = YES;
				GCC_WARN_ABOUT_RETURN_TYPE = YES_ERROR;
				GCC_WARN_UNDECLARED_SELECTOR = YES;
				GCC_WARN_UNINITIALIZED_AUTOS = YES_AGGRESSIVE;
				GCC_WARN_UNUSED_FUNCTION = YES;
				GCC_WARN_UNUSED_VARIABLE = YES;
				MACOSX_DEPLOYMENT_TARGET = 10.12;
				MTL_ENABLE_DEBUG_INFO = YES;
				ONLY_ACTIVE_ARCH = YES;
				SDKROOT = macosx;
			};
			name = Debug;
		};
		2BABD8821F14BC3300FD0237 /* Release */ = {
			isa = XCBuildConfiguration;
			buildSettings = {
				ALWAYS_SEARCH_USER_PATHS = NO;
				CLANG_ANALYZER_NONNULL = YES;
				CLANG_ANALYZER_NUMBER_OBJECT_CONVERSION = YES_AGGRESSIVE;
				CLANG_CXX_LANGUAGE_STANDARD = "gnu++0x";
				CLANG_CXX_LIBRARY = "libc++";
				CLANG_ENABLE_MODULES = YES;
				CLANG_ENABLE_OBJC_ARC = YES;
				CLANG_WARN_BOOL_CONVERSION = YES;
				CLANG_WARN_CONSTANT_CONVERSION = YES;
				CLANG_WARN_DIRECT_OBJC_ISA_USAGE = YES_ERROR;
				CLANG_WARN_DOCUMENTATION_COMMENTS = YES;
				CLANG_WARN_EMPTY_BODY = YES;
				CLANG_WARN_ENUM_CONVERSION = YES;
				CLANG_WARN_INFINITE_RECURSION = YES;
				CLANG_WARN_INT_CONVERSION = YES;
				CLANG_WARN_OBJC_ROOT_CLASS = YES_ERROR;
				CLANG_WARN_SUSPICIOUS_MOVE = YES;
				CLANG_WARN_UNREACHABLE_CODE = YES;
				CLANG_WARN__DUPLICATE_METHOD_MATCH = YES;
				CODE_SIGN_IDENTITY = "-";
				COPY_PHASE_STRIP = NO;
				DEBUG_INFORMATION_FORMAT = "dwarf-with-dsym";
				ENABLE_NS_ASSERTIONS = NO;
				ENABLE_STRICT_OBJC_MSGSEND = YES;
				GCC_C_LANGUAGE_STANDARD = gnu99;
				GCC_NO_COMMON_BLOCKS = YES;
				GCC_WARN_64_TO_32_BIT_CONVERSION = YES;
				GCC_WARN_ABOUT_RETURN_TYPE = YES_ERROR;
				GCC_WARN_UNDECLARED_SELECTOR = YES;
				GCC_WARN_UNINITIALIZED_AUTOS = YES_AGGRESSIVE;
				GCC_WARN_UNUSED_FUNCTION = YES;
				GCC_WARN_UNUSED_VARIABLE = YES;
				MACOSX_DEPLOYMENT_TARGET = 10.12;
				MTL_ENABLE_DEBUG_INFO = NO;
				SDKROOT = macosx;
			};
			name = Release;
		};
		2BABD8841F14BC3300FD0237 /* Debug */ = {
			isa = XCBuildConfiguration;
			buildSettings = {
				DEVELOPMENT_TEAM = 35B2KE884X;
				PRODUCT_NAME = "$(TARGET_NAME)";
			};
			name = Debug;
		};
		2BABD8851F14BC3300FD0237 /* Release */ = {
			isa = XCBuildConfiguration;
			buildSettings = {
				DEVELOPMENT_TEAM = 35B2KE884X;
				PRODUCT_NAME = "$(TARGET_NAME)";
			};
			name = Release;
		};
/* End XCBuildConfiguration section */

/* Begin XCConfigurationList section */
		2BABD8771F14BC3300FD0237 /* Build configuration list for PBXProject "Bigger" */ = {
			isa = XCConfigurationList;
			buildConfigurations = (
				2BABD8811F14BC3300FD0237 /* Debug */,
				2BABD8821F14BC3300FD0237 /* Release */,
			);
			defaultConfigurationIsVisible = 0;
			defaultConfigurationName = Release;
		};
		2BABD8831F14BC3300FD0237 /* Build configuration list for PBXNativeTarget "Bigger" */ = {
			isa = XCConfigurationList;
			buildConfigurations = (
				2BABD8841F14BC3300FD0237 /* Debug */,
				2BABD8851F14BC3300FD0237 /* Release */,
			);
			defaultConfigurationIsVisible = 0;
		};
/* End XCConfigurationList section */
	};
	rootObject = 2BABD8741F14BC3300FD0237 /* Project object */;
}
