PODS:
  - Bigger (0.12.1):
    - LDXLog
  - LDXLog (1.2.2)

DEPENDENCIES:
  - Bigger (from `../`)

EXTERNAL SOURCES:
  Bigger:
    :path: ../

SPEC CHECKSUMS:
  Bigger: 1edb4225a7c67215112ce7ecfcf84a39e206f4ff
  LDXLog: 09030626d9625910e6b251b06682dfead1a351e9

PODFILE CHECKSUM: d7b6cdf9dba1ebe267148bdab5f903d51f4b5b93

COCOAPODS: 1.2.1
