PODS:
  - Bigger (0.0.1):
    - LDXLog (~> 1.0.7)
  - LDXLog (1.0.7)

DEPENDENCIES:
  - Bigger (from `../`)
  - LDXLog (~> 1.0.7)

EXTERNAL SOURCES:
  Bigger:
    :path: ../

SPEC CHECKSUMS:
  Bigger: 27c3398cec28cec290abb0ae7b45507742a20479
  LDXLog: f26719393dc53b4c278d9ee5a6d29d68419ee86a

PODFILE CHECKSUM: c2405323fd5d56ada46a05fb6a53a35e360dbe4a

COCOAPODS: 1.2.1
