PODS:
  - Bigger (0.9.0):
    - LDXLog
  - LDXLog (1.1.1)

DEPENDENCIES:
  - Bigger (from `../`)

EXTERNAL SOURCES:
  Bigger:
    :path: ../

SPEC CHECKSUMS:
  Bigger: 54b9cd1e76e83a0077266e6d9e038e7031fb405d
  LDXLog: bb707858af313970b9e07f6a014bb03a7af5db99

PODFILE CHECKSUM: d7b6cdf9dba1ebe267148bdab5f903d51f4b5b93

COCOAPODS: 1.2.1
